
Microsoft Visual Studio Solution File, Format Version 12.00
# Visual Studio Version 16
VisualStudioVersion = 16.0.29613.14
MinimumVisualStudioVersion = 10.0.40219.1
Project("{FAE04EC0-301F-11D3-BF4B-00C04F79EFBC}") = "COMP123-objectsAndClasses", "COMP123-objectsAndClasses.csproj", "{3BAFF260-5BAB-44B6-B0BB-162B223C906A}"
EndProject
Global
	GlobalSection(SolutionConfigurationPlatforms) = preSolution
		Debug|Any CPU = Debug|Any CPU
		Release|Any CPU = Release|Any CPU
	EndGlobalSection
	GlobalSection(ProjectConfigurationPlatforms) = postSolution
		{3BAFF260-5BAB-44B6-B0BB-162B223C906A}.Debug|Any CPU.ActiveCfg = Debug|Any CPU
		{3BAFF260-5BAB-44B6-B0BB-162B223C906A}.Debug|Any CPU.Build.0 = Debug|Any CPU
		{3BAFF260-5BAB-44B6-B0BB-162B223C906A}.Release|Any CPU.ActiveCfg = Release|Any CPU
		{3BAFF260-5BAB-44B6-B0BB-162B223C906A}.Release|Any CPU.Build.0 = Release|Any CPU
	EndGlobalSection
	GlobalSection(SolutionProperties) = preSolution
		HideSolutionNode = FALSE
	EndGlobalSection
	GlobalSection(ExtensibilityGlobals) = postSolution
		SolutionGuid = {1FAC82A0-94BB-4FC2-AE81-A18B1A991D93}
	EndGlobalSection
EndGlobal
